
Microsoft Visual Studio Solution File, Format Version 12.00
# Visual Studio Version 16
VisualStudioVersion = 16.0.32002.261
MinimumVisualStudioVersion = 10.0.40219.1
Project("{FAE04EC0-301F-11D3-BF4B-00C04F79EFBC}") = "OnlineBookingApplication", "OnlineBookingApplication.csproj", "{8952F08A-A787-48C1-B49E-526B8E1824A0}"
EndProject
Project("{FAE04EC0-301F-11D3-BF4B-00C04F79EFBC}") = "ProjectServices", "..\ProjectServices\ProjectServices.csproj", "{1A4190AB-7A43-4327-9994-210E55502B7C}"
EndProject
Project("{FAE04EC0-301F-11D3-BF4B-00C04F79EFBC}") = "ProjectEntity", "..\ProjectEntity\ProjectEntity.csproj", "{859F51CB-F24E-4DB8-8C17-87A7552749D6}"
EndProject
Project("{FAE04EC0-301F-11D3-BF4B-00C04F79EFBC}") = "ProjectPersistence", "..\ProjectPersistence\ProjectPersistence.csproj", "{2F900BAD-3F49-47CF-989F-FB9AB36D98F5}"
EndProject
Global
	GlobalSection(SolutionConfigurationPlatforms) = preSolution
		Debug|Any CPU = Debug|Any CPU
		Release|Any CPU = Release|Any CPU
	EndGlobalSection
	GlobalSection(ProjectConfigurationPlatforms) = postSolution
		{8952F08A-A787-48C1-B49E-526B8E1824A0}.Debug|Any CPU.ActiveCfg = Debug|Any CPU
		{8952F08A-A787-48C1-B49E-526B8E1824A0}.Debug|Any CPU.Build.0 = Debug|Any CPU
		{8952F08A-A787-48C1-B49E-526B8E1824A0}.Release|Any CPU.ActiveCfg = Release|Any CPU
		{8952F08A-A787-48C1-B49E-526B8E1824A0}.Release|Any CPU.Build.0 = Release|Any CPU
		{1A4190AB-7A43-4327-9994-210E55502B7C}.Debug|Any CPU.ActiveCfg = Debug|Any CPU
		{1A4190AB-7A43-4327-9994-210E55502B7C}.Debug|Any CPU.Build.0 = Debug|Any CPU
		{1A4190AB-7A43-4327-9994-210E55502B7C}.Release|Any CPU.ActiveCfg = Release|Any CPU
		{1A4190AB-7A43-4327-9994-210E55502B7C}.Release|Any CPU.Build.0 = Release|Any CPU
		{859F51CB-F24E-4DB8-8C17-87A7552749D6}.Debug|Any CPU.ActiveCfg = Debug|Any CPU
		{859F51CB-F24E-4DB8-8C17-87A7552749D6}.Debug|Any CPU.Build.0 = Debug|Any CPU
		{859F51CB-F24E-4DB8-8C17-87A7552749D6}.Release|Any CPU.ActiveCfg = Release|Any CPU
		{859F51CB-F24E-4DB8-8C17-87A7552749D6}.Release|Any CPU.Build.0 = Release|Any CPU
		{2F900BAD-3F49-47CF-989F-FB9AB36D98F5}.Debug|Any CPU.ActiveCfg = Debug|Any CPU
		{2F900BAD-3F49-47CF-989F-FB9AB36D98F5}.Debug|Any CPU.Build.0 = Debug|Any CPU
		{2F900BAD-3F49-47CF-989F-FB9AB36D98F5}.Release|Any CPU.ActiveCfg = Release|Any CPU
		{2F900BAD-3F49-47CF-989F-FB9AB36D98F5}.Release|Any CPU.Build.0 = Release|Any CPU
	EndGlobalSection
	GlobalSection(SolutionProperties) = preSolution
		HideSolutionNode = FALSE
	EndGlobalSection
	GlobalSection(ExtensibilityGlobals) = postSolution
		SolutionGuid = {1E668EFC-A8B5-4DFE-BC44-D8F761C7114B}
	EndGlobalSection
EndGlobal
